
Microsoft Visual Studio Solution File, Format Version 12.00
# Visual Studio Version 17
VisualStudioVersion = 17.3.32825.248
MinimumVisualStudioVersion = 10.0.40219.1
Project("{FAE04EC0-301F-11D3-BF4B-00C04F79EFBC}") = "Assignment19sept", "Assignment19sept.csproj", "{1AB21992-B929-4D49-89B0-A5DDB864E320}"
EndProject
Global
	GlobalSection(SolutionConfigurationPlatforms) = preSolution
		Debug|Any CPU = Debug|Any CPU
		Release|Any CPU = Release|Any CPU
	EndGlobalSection
	GlobalSection(ProjectConfigurationPlatforms) = postSolution
		{1AB21992-B929-4D49-89B0-A5DDB864E320}.Debug|Any CPU.ActiveCfg = Debug|Any CPU
		{1AB21992-B929-4D49-89B0-A5DDB864E320}.Debug|Any CPU.Build.0 = Debug|Any CPU
		{1AB21992-B929-4D49-89B0-A5DDB864E320}.Release|Any CPU.ActiveCfg = Release|Any CPU
		{1AB21992-B929-4D49-89B0-A5DDB864E320}.Release|Any CPU.Build.0 = Release|Any CPU
	EndGlobalSection
	GlobalSection(SolutionProperties) = preSolution
		HideSolutionNode = FALSE
	EndGlobalSection
	GlobalSection(ExtensibilityGlobals) = postSolution
		SolutionGuid = {A4EC04F7-09E7-4205-A6C7-D2F0BD6501B0}
	EndGlobalSection
EndGlobal
